
Microsoft Visual Studio Solution File, Format Version 12.00
# Visual Studio Version 17
VisualStudioVersion = 17.11.35303.130
MinimumVisualStudioVersion = 10.0.40219.1
Project("{2150E333-8FDC-42A3-9474-1A3956D46DE8}") = "Task0", "Task0", "{5931F8A3-FE3B-41F6-9445-470A777F405D}"
EndProject
Project("{2150E333-8FDC-42A3-9474-1A3956D46DE8}") = "Task1", "Task1", "{5257C48B-85C2-4945-9BCC-4B06D6044A06}"
EndProject
Project("{2150E333-8FDC-42A3-9474-1A3956D46DE8}") = "Task2", "Task2", "{218F3ED6-AAF6-4B6B-A509-61F868366516}"
EndProject
Project("{2150E333-8FDC-42A3-9474-1A3956D46DE8}") = "Task3", "Task3", "{670C0151-10CE-421B-82C5-BB555C34FE5C}"
EndProject
Project("{2150E333-8FDC-42A3-9474-1A3956D46DE8}") = "Task4", "Task4", "{41688AE8-C1FD-4EEC-9499-F3FA3AED808C}"
EndProject
Project("{2150E333-8FDC-42A3-9474-1A3956D46DE8}") = "Task5", "Task5", "{99EE8218-1B5D-46AB-96DA-54E8732A533F}"
EndProject
Project("{2150E333-8FDC-42A3-9474-1A3956D46DE8}") = "Task6", "Task6", "{4C215301-73AE-4060-8CF6-C9F7A07864F9}"
EndProject
Project("{2150E333-8FDC-42A3-9474-1A3956D46DE8}") = "Task7", "Task7", "{9F7D8D61-50C7-4941-88B8-7539E82B4A4A}"
EndProject
Project("{9A19103F-16F7-4668-BE54-9A1E7A4F7556}") = "Tyuiu.SeledkovNP.Sprint3.Task0.V6", "Tyuiu.SeledkovNP.Sprint3.Task0.V6\Tyuiu.SeledkovNP.Sprint3.Task0.V6.csproj", "{711C1681-EFFA-4251-9256-EFC693ED88DC}"
EndProject
Project("{9A19103F-16F7-4668-BE54-9A1E7A4F7556}") = "Tyuiu.SeledkovNP.Sprint3.Task0.V6.Lib", "Tyuiu.SeledkovNP.Sprint3.Task0.V6.Lib\Tyuiu.SeledkovNP.Sprint3.Task0.V6.Lib.csproj", "{8E04407B-3949-4320-957D-44E960DE1C48}"
EndProject
Project("{9A19103F-16F7-4668-BE54-9A1E7A4F7556}") = "Tyuiu.SeledkovNP.Sprint3.Task0.V6.Test", "Tyuiu.SeledkovNP.Sprint3.Task0.V6.Test\Tyuiu.SeledkovNP.Sprint3.Task0.V6.Test.csproj", "{6608AB4A-F1C4-44D0-ADBC-90E9224CB9E0}"
EndProject
Project("{9A19103F-16F7-4668-BE54-9A1E7A4F7556}") = "Tyuiu.SeledkovNP.Sprint3.Task1.V16", "Tyuiu.SeledkovNP.Sprint3.Task1.V16\Tyuiu.SeledkovNP.Sprint3.Task1.V16.csproj", "{E63F2589-9896-4F4E-B2A7-A38B0E43F69B}"
EndProject
Project("{9A19103F-16F7-4668-BE54-9A1E7A4F7556}") = "Tyuiu.SeledkovNP.Sprint3.Task1.V16.Lib", "Tyuiu.SeledkovNP.Sprint3.Task1.V16.Lib\Tyuiu.SeledkovNP.Sprint3.Task1.V16.Lib.csproj", "{6C8DFF9C-773C-470A-A55E-9EF741ACF1C7}"
EndProject
Project("{9A19103F-16F7-4668-BE54-9A1E7A4F7556}") = "Tyuiu.SeledkovNP.Sprint3.Task1.V16.Test", "Tyuiu.SeledkovNP.Sprint3.Task1.V16.Test\Tyuiu.SeledkovNP.Sprint3.Task1.V16.Test.csproj", "{4D5A9CBD-F184-47B5-B15E-475C0A42223D}"
EndProject
Project("{FAE04EC0-301F-11D3-BF4B-00C04F79EFBC}") = "Tyuiu.SeledkovNP.Sprint3.Task2.V26.Lib", "Tyuiu.SeledkovNP.Sprint3.Task2.V26.Lib\Tyuiu.SeledkovNP.Sprint3.Task2.V26.Lib.csproj", "{B7197599-76F3-4126-A811-06E7FC6C3D88}"
EndProject
Project("{FAE04EC0-301F-11D3-BF4B-00C04F79EFBC}") = "Tyuiu.SeledkovNP.Sprint3.Task2.V26", "Tyuiu.SeledkovNP.Sprint3.Task2.V26\Tyuiu.SeledkovNP.Sprint3.Task2.V26.csproj", "{5745920D-8414-42D1-92E8-46B1AC46BDD0}"
EndProject
Project("{FAE04EC0-301F-11D3-BF4B-00C04F79EFBC}") = "Tyuiu.SeledkovNP.Sprint3.Task2.V26.Test", "Tyuiu.SeledkovNP.Sprint3.Task2.V26.Test\Tyuiu.SeledkovNP.Sprint3.Task2.V26.Test.csproj", "{C7ED9267-ED77-4F59-BAF5-9E18B113F21C}"
EndProject
Global
	GlobalSection(SolutionConfigurationPlatforms) = preSolution
		Debug|Any CPU = Debug|Any CPU
		Release|Any CPU = Release|Any CPU
	EndGlobalSection
	GlobalSection(ProjectConfigurationPlatforms) = postSolution
		{711C1681-EFFA-4251-9256-EFC693ED88DC}.Debug|Any CPU.ActiveCfg = Debug|Any CPU
		{711C1681-EFFA-4251-9256-EFC693ED88DC}.Debug|Any CPU.Build.0 = Debug|Any CPU
		{711C1681-EFFA-4251-9256-EFC693ED88DC}.Release|Any CPU.ActiveCfg = Release|Any CPU
		{711C1681-EFFA-4251-9256-EFC693ED88DC}.Release|Any CPU.Build.0 = Release|Any CPU
		{8E04407B-3949-4320-957D-44E960DE1C48}.Debug|Any CPU.ActiveCfg = Debug|Any CPU
		{8E04407B-3949-4320-957D-44E960DE1C48}.Debug|Any CPU.Build.0 = Debug|Any CPU
		{8E04407B-3949-4320-957D-44E960DE1C48}.Release|Any CPU.ActiveCfg = Release|Any CPU
		{8E04407B-3949-4320-957D-44E960DE1C48}.Release|Any CPU.Build.0 = Release|Any CPU
		{6608AB4A-F1C4-44D0-ADBC-90E9224CB9E0}.Debug|Any CPU.ActiveCfg = Debug|Any CPU
		{6608AB4A-F1C4-44D0-ADBC-90E9224CB9E0}.Debug|Any CPU.Build.0 = Debug|Any CPU
		{6608AB4A-F1C4-44D0-ADBC-90E9224CB9E0}.Release|Any CPU.ActiveCfg = Release|Any CPU
		{6608AB4A-F1C4-44D0-ADBC-90E9224CB9E0}.Release|Any CPU.Build.0 = Release|Any CPU
		{E63F2589-9896-4F4E-B2A7-A38B0E43F69B}.Debug|Any CPU.ActiveCfg = Debug|Any CPU
		{E63F2589-9896-4F4E-B2A7-A38B0E43F69B}.Debug|Any CPU.Build.0 = Debug|Any CPU
		{E63F2589-9896-4F4E-B2A7-A38B0E43F69B}.Release|Any CPU.ActiveCfg = Release|Any CPU
		{E63F2589-9896-4F4E-B2A7-A38B0E43F69B}.Release|Any CPU.Build.0 = Release|Any CPU
		{6C8DFF9C-773C-470A-A55E-9EF741ACF1C7}.Debug|Any CPU.ActiveCfg = Debug|Any CPU
		{6C8DFF9C-773C-470A-A55E-9EF741ACF1C7}.Debug|Any CPU.Build.0 = Debug|Any CPU
		{6C8DFF9C-773C-470A-A55E-9EF741ACF1C7}.Release|Any CPU.ActiveCfg = Release|Any CPU
		{6C8DFF9C-773C-470A-A55E-9EF741ACF1C7}.Release|Any CPU.Build.0 = Release|Any CPU
		{4D5A9CBD-F184-47B5-B15E-475C0A42223D}.Debug|Any CPU.ActiveCfg = Debug|Any CPU
		{4D5A9CBD-F184-47B5-B15E-475C0A42223D}.Debug|Any CPU.Build.0 = Debug|Any CPU
		{4D5A9CBD-F184-47B5-B15E-475C0A42223D}.Release|Any CPU.ActiveCfg = Release|Any CPU
		{4D5A9CBD-F184-47B5-B15E-475C0A42223D}.Release|Any CPU.Build.0 = Release|Any CPU
		{B7197599-76F3-4126-A811-06E7FC6C3D88}.Debug|Any CPU.ActiveCfg = Debug|Any CPU
		{B7197599-76F3-4126-A811-06E7FC6C3D88}.Debug|Any CPU.Build.0 = Debug|Any CPU
		{B7197599-76F3-4126-A811-06E7FC6C3D88}.Release|Any CPU.ActiveCfg = Release|Any CPU
		{B7197599-76F3-4126-A811-06E7FC6C3D88}.Release|Any CPU.Build.0 = Release|Any CPU
		{5745920D-8414-42D1-92E8-46B1AC46BDD0}.Debug|Any CPU.ActiveCfg = Debug|Any CPU
		{5745920D-8414-42D1-92E8-46B1AC46BDD0}.Debug|Any CPU.Build.0 = Debug|Any CPU
		{5745920D-8414-42D1-92E8-46B1AC46BDD0}.Release|Any CPU.ActiveCfg = Release|Any CPU
		{5745920D-8414-42D1-92E8-46B1AC46BDD0}.Release|Any CPU.Build.0 = Release|Any CPU
		{C7ED9267-ED77-4F59-BAF5-9E18B113F21C}.Debug|Any CPU.ActiveCfg = Debug|Any CPU
		{C7ED9267-ED77-4F59-BAF5-9E18B113F21C}.Debug|Any CPU.Build.0 = Debug|Any CPU
		{C7ED9267-ED77-4F59-BAF5-9E18B113F21C}.Release|Any CPU.ActiveCfg = Release|Any CPU
		{C7ED9267-ED77-4F59-BAF5-9E18B113F21C}.Release|Any CPU.Build.0 = Release|Any CPU
	EndGlobalSection
	GlobalSection(SolutionProperties) = preSolution
		HideSolutionNode = FALSE
	EndGlobalSection
	GlobalSection(NestedProjects) = preSolution
		{711C1681-EFFA-4251-9256-EFC693ED88DC} = {5931F8A3-FE3B-41F6-9445-470A777F405D}
		{8E04407B-3949-4320-957D-44E960DE1C48} = {5931F8A3-FE3B-41F6-9445-470A777F405D}
		{6608AB4A-F1C4-44D0-ADBC-90E9224CB9E0} = {5931F8A3-FE3B-41F6-9445-470A777F405D}
		{E63F2589-9896-4F4E-B2A7-A38B0E43F69B} = {5257C48B-85C2-4945-9BCC-4B06D6044A06}
		{6C8DFF9C-773C-470A-A55E-9EF741ACF1C7} = {5257C48B-85C2-4945-9BCC-4B06D6044A06}
		{4D5A9CBD-F184-47B5-B15E-475C0A42223D} = {5257C48B-85C2-4945-9BCC-4B06D6044A06}
		{B7197599-76F3-4126-A811-06E7FC6C3D88} = {218F3ED6-AAF6-4B6B-A509-61F868366516}
		{5745920D-8414-42D1-92E8-46B1AC46BDD0} = {218F3ED6-AAF6-4B6B-A509-61F868366516}
		{C7ED9267-ED77-4F59-BAF5-9E18B113F21C} = {218F3ED6-AAF6-4B6B-A509-61F868366516}
	EndGlobalSection
	GlobalSection(ExtensibilityGlobals) = postSolution
		SolutionGuid = {389F23F5-27A8-4DD3-8668-EC002E341F6A}
	EndGlobalSection
EndGlobal
